// !$*UTF8*$!
{
	archiveVersion = 1;
	classes = {
	};
	objectVersion = 56;
	objects = {

/* Begin PBXBuildFile section */
		64B9ECBD2AAF2D0F00E9C8AE /* AppDelegate.swift in Sources */ = {isa = PBXBuildFile; fileRef = 64B9ECBC2AAF2D0F00E9C8AE /* AppDelegate.swift */; };
		64B9ECBF2AAF2D0F00E9C8AE /* SceneDelegate.swift in Sources */ = {isa = PBXBuildFile; fileRef = 64B9ECBE2AAF2D0F00E9C8AE /* SceneDelegate.swift */; };
		64B9ECC62AAF2D1100E9C8AE /* Assets.xcassets in Resources */ = {isa = PBXBuildFile; fileRef = 64B9ECC52AAF2D1100E9C8AE /* Assets.xcassets */; };
		64B9ECC92AAF2D1100E9C8AE /* LaunchScreen.storyboard in Resources */ = {isa = PBXBuildFile; fileRef = 64B9ECC72AAF2D1100E9C8AE /* LaunchScreen.storyboard */; };
		64B9ECD52AAF2DEB00E9C8AE /* Race.swift in Sources */ = {isa = PBXBuildFile; fileRef = 64B9ECD42AAF2DEB00E9C8AE /* Race.swift */; };
		64B9ECD72AAF2E3B00E9C8AE /* TableViewController.swift in Sources */ = {isa = PBXBuildFile; fileRef = 64B9ECD62AAF2E3B00E9C8AE /* TableViewController.swift */; };
		64B9ECDD2AB0B3C300E9C8AE /* NetworkManager.swift in Sources */ = {isa = PBXBuildFile; fileRef = 64B9ECDC2AB0B3C300E9C8AE /* NetworkManager.swift */; };
		64B9ECE02AB0B40600E9C8AE /* RaceCell.swift in Sources */ = {isa = PBXBuildFile; fileRef = 64B9ECDF2AB0B40600E9C8AE /* RaceCell.swift */; };
		64B9ECE22AB16B0700E9C8AE /* RaceViewController.swift in Sources */ = {isa = PBXBuildFile; fileRef = 64B9ECE12AB16B0700E9C8AE /* RaceViewController.swift */; };
/* End PBXBuildFile section */

/* Begin PBXFileReference section */
		64B9ECB92AAF2D0F00E9C8AE /* D&D handbook.app */ = {isa = PBXFileReference; explicitFileType = wrapper.application; includeInIndex = 0; path = "D&D handbook.app"; sourceTree = BUILT_PRODUCTS_DIR; };
		64B9ECBC2AAF2D0F00E9C8AE /* AppDelegate.swift */ = {isa = PBXFileReference; lastKnownFileType = sourcecode.swift; path = AppDelegate.swift; sourceTree = "<group>"; };
		64B9ECBE2AAF2D0F00E9C8AE /* SceneDelegate.swift */ = {isa = PBXFileReference; lastKnownFileType = sourcecode.swift; path = SceneDelegate.swift; sourceTree = "<group>"; };
		64B9ECC52AAF2D1100E9C8AE /* Assets.xcassets */ = {isa = PBXFileReference; lastKnownFileType = folder.assetcatalog; path = Assets.xcassets; sourceTree = "<group>"; };
		64B9ECC82AAF2D1100E9C8AE /* Base */ = {isa = PBXFileReference; lastKnownFileType = file.storyboard; name = Base; path = Base.lproj/LaunchScreen.storyboard; sourceTree = "<group>"; };
		64B9ECCA2AAF2D1100E9C8AE /* Info.plist */ = {isa = PBXFileReference; lastKnownFileType = text.plist.xml; path = Info.plist; sourceTree = "<group>"; };
		64B9ECD42AAF2DEB00E9C8AE /* Race.swift */ = {isa = PBXFileReference; lastKnownFileType = sourcecode.swift; path = Race.swift; sourceTree = "<group>"; };
		64B9ECD62AAF2E3B00E9C8AE /* TableViewController.swift */ = {isa = PBXFileReference; lastKnownFileType = sourcecode.swift; path = TableViewController.swift; sourceTree = "<group>"; };
		64B9ECDC2AB0B3C300E9C8AE /* NetworkManager.swift */ = {isa = PBXFileReference; lastKnownFileType = sourcecode.swift; path = NetworkManager.swift; sourceTree = "<group>"; };
		64B9ECDF2AB0B40600E9C8AE /* RaceCell.swift */ = {isa = PBXFileReference; lastKnownFileType = sourcecode.swift; path = RaceCell.swift; sourceTree = "<group>"; };
		64B9ECE12AB16B0700E9C8AE /* RaceViewController.swift */ = {isa = PBXFileReference; lastKnownFileType = sourcecode.swift; path = RaceViewController.swift; sourceTree = "<group>"; };
/* End PBXFileReference section */

/* Begin PBXFrameworksBuildPhase section */
		64B9ECB62AAF2D0F00E9C8AE /* Frameworks */ = {
			isa = PBXFrameworksBuildPhase;
			buildActionMask = 2147483647;
			files = (
			);
			runOnlyForDeploymentPostprocessing = 0;
		};
/* End PBXFrameworksBuildPhase section */

/* Begin PBXGroup section */
		64B9ECB02AAF2D0F00E9C8AE = {
			isa = PBXGroup;
			children = (
				64B9ECBB2AAF2D0F00E9C8AE /* D&D handbook */,
				64B9ECBA2AAF2D0F00E9C8AE /* Products */,
			);
			sourceTree = "<group>";
		};
		64B9ECBA2AAF2D0F00E9C8AE /* Products */ = {
			isa = PBXGroup;
			children = (
				64B9ECB92AAF2D0F00E9C8AE /* D&D handbook.app */,
			);
			name = Products;
			sourceTree = "<group>";
		};
		64B9ECBB2AAF2D0F00E9C8AE /* D&D handbook */ = {
			isa = PBXGroup;
			children = (
				64B9ECD02AAF2D2D00E9C8AE /* App */,
				64B9ECD22AAF2D7100E9C8AE /* Storiboards */,
				64B9ECD12AAF2D4200E9C8AE /* View Controllers */,
				64B9ECDE2AB0B3CD00E9C8AE /* View */,
				64B9ECD32AAF2D8E00E9C8AE /* Models */,
				64B9ECDB2AB0B38800E9C8AE /* Services */,
				64B9ECCA2AAF2D1100E9C8AE /* Info.plist */,
				64B9ECC52AAF2D1100E9C8AE /* Assets.xcassets */,
			);
			path = "D&D handbook";
			sourceTree = "<group>";
		};
		64B9ECD02AAF2D2D00E9C8AE /* App */ = {
			isa = PBXGroup;
			children = (
				64B9ECBC2AAF2D0F00E9C8AE /* AppDelegate.swift */,
				64B9ECBE2AAF2D0F00E9C8AE /* SceneDelegate.swift */,
			);
			path = App;
			sourceTree = "<group>";
		};
		64B9ECD12AAF2D4200E9C8AE /* View Controllers */ = {
			isa = PBXGroup;
			children = (
				64B9ECD62AAF2E3B00E9C8AE /* TableViewController.swift */,
				64B9ECE12AB16B0700E9C8AE /* RaceViewController.swift */,
			);
			path = "View Controllers";
			sourceTree = "<group>";
		};
		64B9ECD22AAF2D7100E9C8AE /* Storiboards */ = {
			isa = PBXGroup;
			children = (
				64B9ECC72AAF2D1100E9C8AE /* LaunchScreen.storyboard */,
			);
			path = Storiboards;
			sourceTree = "<group>";
		};
		64B9ECD32AAF2D8E00E9C8AE /* Models */ = {
			isa = PBXGroup;
			children = (
				64B9ECD42AAF2DEB00E9C8AE /* Race.swift */,
			);
			path = Models;
			sourceTree = "<group>";
		};
		64B9ECDB2AB0B38800E9C8AE /* Services */ = {
			isa = PBXGroup;
			children = (
				64B9ECDC2AB0B3C300E9C8AE /* NetworkManager.swift */,
			);
			path = Services;
			sourceTree = "<group>";
		};
		64B9ECDE2AB0B3CD00E9C8AE /* View */ = {
			isa = PBXGroup;
			children = (
				64B9ECDF2AB0B40600E9C8AE /* RaceCell.swift */,
			);
			path = View;
			sourceTree = "<group>";
		};
/* End PBXGroup section */

/* Begin PBXNativeTarget section */
		64B9ECB82AAF2D0F00E9C8AE /* D&D handbook */ = {
			isa = PBXNativeTarget;
			buildConfigurationList = 64B9ECCD2AAF2D1100E9C8AE /* Build configuration list for PBXNativeTarget "D&D handbook" */;
			buildPhases = (
				64B9ECB52AAF2D0F00E9C8AE /* Sources */,
				64B9ECB62AAF2D0F00E9C8AE /* Frameworks */,
				64B9ECB72AAF2D0F00E9C8AE /* Resources */,
			);
			buildRules = (
			);
			dependencies = (
			);
			name = "D&D handbook";
			productName = "D&D handbook";
			productReference = 64B9ECB92AAF2D0F00E9C8AE /* D&D handbook.app */;
			productType = "com.apple.product-type.application";
		};
/* End PBXNativeTarget section */

/* Begin PBXProject section */
		64B9ECB12AAF2D0F00E9C8AE /* Project object */ = {
			isa = PBXProject;
			attributes = {
				BuildIndependentTargetsInParallel = 1;
				LastSwiftUpdateCheck = 1430;
				LastUpgradeCheck = 1430;
				TargetAttributes = {
					64B9ECB82AAF2D0F00E9C8AE = {
						CreatedOnToolsVersion = 14.3.1;
					};
				};
			};
			buildConfigurationList = 64B9ECB42AAF2D0F00E9C8AE /* Build configuration list for PBXProject "D&D handbook" */;
			compatibilityVersion = "Xcode 14.0";
			developmentRegion = en;
			hasScannedForEncodings = 0;
			knownRegions = (
				en,
				Base,
			);
			mainGroup = 64B9ECB02AAF2D0F00E9C8AE;
			productRefGroup = 64B9ECBA2AAF2D0F00E9C8AE /* Products */;
			projectDirPath = "";
			projectRoot = "";
			targets = (
				64B9ECB82AAF2D0F00E9C8AE /* D&D handbook */,
			);
		};
/* End PBXProject section */

/* Begin PBXResourcesBuildPhase section */
		64B9ECB72AAF2D0F00E9C8AE /* Resources */ = {
			isa = PBXResourcesBuildPhase;
			buildActionMask = 2147483647;
			files = (
				64B9ECC92AAF2D1100E9C8AE /* LaunchScreen.storyboard in Resources */,
				64B9ECC62AAF2D1100E9C8AE /* Assets.xcassets in Resources */,
			);
			runOnlyForDeploymentPostprocessing = 0;
		};
/* End PBXResourcesBuildPhase section */

/* Begin PBXSourcesBuildPhase section */
		64B9ECB52AAF2D0F00E9C8AE /* Sources */ = {
			isa = PBXSourcesBuildPhase;
			buildActionMask = 2147483647;
			files = (
				64B9ECD52AAF2DEB00E9C8AE /* Race.swift in Sources */,
				64B9ECBD2AAF2D0F00E9C8AE /* AppDelegate.swift in Sources */,
				64B9ECE22AB16B0700E9C8AE /* RaceViewController.swift in Sources */,
				64B9ECE02AB0B40600E9C8AE /* RaceCell.swift in Sources */,
				64B9ECDD2AB0B3C300E9C8AE /* NetworkManager.swift in Sources */,
				64B9ECBF2AAF2D0F00E9C8AE /* SceneDelegate.swift in Sources */,
				64B9ECD72AAF2E3B00E9C8AE /* TableViewController.swift in Sources */,
			);
			runOnlyForDeploymentPostprocessing = 0;
		};
/* End PBXSourcesBuildPhase section */

/* Begin PBXVariantGroup section */
		64B9ECC72AAF2D1100E9C8AE /* LaunchScreen.storyboard */ = {
			isa = PBXVariantGroup;
			children = (
				64B9ECC82AAF2D1100E9C8AE /* Base */,
			);
			name = LaunchScreen.storyboard;
			sourceTree = "<group>";
		};
/* End PBXVariantGroup section */

/* Begin XCBuildConfiguration section */
		64B9ECCB2AAF2D1100E9C8AE /* Debug */ = {
			isa = XCBuildConfiguration;
			buildSettings = {
				ALWAYS_SEARCH_USER_PATHS = NO;
				CLANG_ANALYZER_NONNULL = YES;
				CLANG_ANALYZER_NUMBER_OBJECT_CONVERSION = YES_AGGRESSIVE;
				CLANG_CXX_LANGUAGE_STANDARD = "gnu++20";
				CLANG_ENABLE_MODULES = YES;
				CLANG_ENABLE_OBJC_ARC = YES;
				CLANG_ENABLE_OBJC_WEAK = YES;
				CLANG_WARN_BLOCK_CAPTURE_AUTORELEASING = YES;
				CLANG_WARN_BOOL_CONVERSION = YES;
				CLANG_WARN_COMMA = YES;
				CLANG_WARN_CONSTANT_CONVERSION = YES;
				CLANG_WARN_DEPRECATED_OBJC_IMPLEMENTATIONS = YES;
				CLANG_WARN_DIRECT_OBJC_ISA_USAGE = YES_ERROR;
				CLANG_WARN_DOCUMENTATION_COMMENTS = YES;
				CLANG_WARN_EMPTY_BODY = YES;
				CLANG_WARN_ENUM_CONVERSION = YES;
				CLANG_WARN_INFINITE_RECURSION = YES;
				CLANG_WARN_INT_CONVERSION = YES;
				CLANG_WARN_NON_LITERAL_NULL_CONVERSION = YES;
				CLANG_WARN_OBJC_IMPLICIT_RETAIN_SELF = YES;
				CLANG_WARN_OBJC_LITERAL_CONVERSION = YES;
				CLANG_WARN_OBJC_ROOT_CLASS = YES_ERROR;
				CLANG_WARN_QUOTED_INCLUDE_IN_FRAMEWORK_HEADER = YES;
				CLANG_WARN_RANGE_LOOP_ANALYSIS = YES;
				CLANG_WARN_STRICT_PROTOTYPES = YES;
				CLANG_WARN_SUSPICIOUS_MOVE = YES;
				CLANG_WARN_UNGUARDED_AVAILABILITY = YES_AGGRESSIVE;
				CLANG_WARN_UNREACHABLE_CODE = YES;
				CLANG_WARN__DUPLICATE_METHOD_MATCH = YES;
				COPY_PHASE_STRIP = NO;
				DEBUG_INFORMATION_FORMAT = dwarf;
				ENABLE_STRICT_OBJC_MSGSEND = YES;
				ENABLE_TESTABILITY = YES;
				GCC_C_LANGUAGE_STANDARD = gnu11;
				GCC_DYNAMIC_NO_PIC = NO;
				GCC_NO_COMMON_BLOCKS = YES;
				GCC_OPTIMIZATION_LEVEL = 0;
				GCC_PREPROCESSOR_DEFINITIONS = (
					"DEBUG=1",
					"$(inherited)",
				);
				GCC_WARN_64_TO_32_BIT_CONVERSION = YES;
				GCC_WARN_ABOUT_RETURN_TYPE = YES_ERROR;
				GCC_WARN_UNDECLARED_SELECTOR = YES;
				GCC_WARN_UNINITIALIZED_AUTOS = YES_AGGRESSIVE;
				GCC_WARN_UNUSED_FUNCTION = YES;
				GCC_WARN_UNUSED_VARIABLE = YES;
				IPHONEOS_DEPLOYMENT_TARGET = 16.4;
				MTL_ENABLE_DEBUG_INFO = INCLUDE_SOURCE;
				MTL_FAST_MATH = YES;
				ONLY_ACTIVE_ARCH = YES;
				SDKROOT = iphoneos;
				SWIFT_ACTIVE_COMPILATION_CONDITIONS = DEBUG;
				SWIFT_OPTIMIZATION_LEVEL = "-Onone";
			};
			name = Debug;
		};
		64B9ECCC2AAF2D1100E9C8AE /* Release */ = {
			isa = XCBuildConfiguration;
			buildSettings = {
				ALWAYS_SEARCH_USER_PATHS = NO;
				CLANG_ANALYZER_NONNULL = YES;
				CLANG_ANALYZER_NUMBER_OBJECT_CONVERSION = YES_AGGRESSIVE;
				CLANG_CXX_LANGUAGE_STANDARD = "gnu++20";
				CLANG_ENABLE_MODULES = YES;
				CLANG_ENABLE_OBJC_ARC = YES;
				CLANG_ENABLE_OBJC_WEAK = YES;
				CLANG_WARN_BLOCK_CAPTURE_AUTORELEASING = YES;
				CLANG_WARN_BOOL_CONVERSION = YES;
				CLANG_WARN_COMMA = YES;
				CLANG_WARN_CONSTANT_CONVERSION = YES;
				CLANG_WARN_DEPRECATED_OBJC_IMPLEMENTATIONS = YES;
				CLANG_WARN_DIRECT_OBJC_ISA_USAGE = YES_ERROR;
				CLANG_WARN_DOCUMENTATION_COMMENTS = YES;
				CLANG_WARN_EMPTY_BODY = YES;
				CLANG_WARN_ENUM_CONVERSION = YES;
				CLANG_WARN_INFINITE_RECURSION = YES;
				CLANG_WARN_INT_CONVERSION = YES;
				CLANG_WARN_NON_LITERAL_NULL_CONVERSION = YES;
				CLANG_WARN_OBJC_IMPLICIT_RETAIN_SELF = YES;
				CLANG_WARN_OBJC_LITERAL_CONVERSION = YES;
				CLANG_WARN_OBJC_ROOT_CLASS = YES_ERROR;
				CLANG_WARN_QUOTED_INCLUDE_IN_FRAMEWORK_HEADER = YES;
				CLANG_WARN_RANGE_LOOP_ANALYSIS = YES;
				CLANG_WARN_STRICT_PROTOTYPES = YES;
				CLANG_WARN_SUSPICIOUS_MOVE = YES;
				CLANG_WARN_UNGUARDED_AVAILABILITY = YES_AGGRESSIVE;
				CLANG_WARN_UNREACHABLE_CODE = YES;
				CLANG_WARN__DUPLICATE_METHOD_MATCH = YES;
				COPY_PHASE_STRIP = NO;
				DEBUG_INFORMATION_FORMAT = "dwarf-with-dsym";
				ENABLE_NS_ASSERTIONS = NO;
				ENABLE_STRICT_OBJC_MSGSEND = YES;
				GCC_C_LANGUAGE_STANDARD = gnu11;
				GCC_NO_COMMON_BLOCKS = YES;
				GCC_WARN_64_TO_32_BIT_CONVERSION = YES;
				GCC_WARN_ABOUT_RETURN_TYPE = YES_ERROR;
				GCC_WARN_UNDECLARED_SELECTOR = YES;
				GCC_WARN_UNINITIALIZED_AUTOS = YES_AGGRESSIVE;
				GCC_WARN_UNUSED_FUNCTION = YES;
				GCC_WARN_UNUSED_VARIABLE = YES;
				IPHONEOS_DEPLOYMENT_TARGET = 16.4;
				MTL_ENABLE_DEBUG_INFO = NO;
				MTL_FAST_MATH = YES;
				SDKROOT = iphoneos;
				SWIFT_COMPILATION_MODE = wholemodule;
				SWIFT_OPTIMIZATION_LEVEL = "-O";
				VALIDATE_PRODUCT = YES;
			};
			name = Release;
		};
		64B9ECCE2AAF2D1100E9C8AE /* Debug */ = {
			isa = XCBuildConfiguration;
			buildSettings = {
				ASSETCATALOG_COMPILER_APPICON_NAME = AppIcon;
				ASSETCATALOG_COMPILER_GLOBAL_ACCENT_COLOR_NAME = AccentColor;
				CODE_SIGN_STYLE = Automatic;
				CURRENT_PROJECT_VERSION = 1;
				DEVELOPMENT_TEAM = JKDM64S7KS;
				GENERATE_INFOPLIST_FILE = YES;
				INFOPLIST_FILE = "D&D handbook/Info.plist";
				INFOPLIST_KEY_UIApplicationSupportsIndirectInputEvents = YES;
				INFOPLIST_KEY_UILaunchStoryboardName = LaunchScreen;
				INFOPLIST_KEY_UIMainStoryboardFile = Main;
				INFOPLIST_KEY_UISupportedInterfaceOrientations = UIInterfaceOrientationPortrait;
				INFOPLIST_KEY_UISupportedInterfaceOrientations_iPad = "UIInterfaceOrientationLandscapeLeft UIInterfaceOrientationLandscapeRight UIInterfaceOrientationPortrait UIInterfaceOrientationPortraitUpsideDown";
				LD_RUNPATH_SEARCH_PATHS = (
					"$(inherited)",
					"@executable_path/Frameworks",
				);
				MARKETING_VERSION = 1.0;
				PRODUCT_BUNDLE_IDENTIFIER = "com.berdinak.D-D-handbook";
				PRODUCT_NAME = "$(TARGET_NAME)";
				SUPPORTED_PLATFORMS = "iphoneos iphonesimulator";
				SUPPORTS_MACCATALYST = NO;
				SUPPORTS_MAC_DESIGNED_FOR_IPHONE_IPAD = NO;
				SWIFT_EMIT_LOC_STRINGS = YES;
				SWIFT_VERSION = 5.0;
				TARGETED_DEVICE_FAMILY = 1;
			};
			name = Debug;
		};
		64B9ECCF2AAF2D1100E9C8AE /* Release */ = {
			isa = XCBuildConfiguration;
			buildSettings = {
				ASSETCATALOG_COMPILER_APPICON_NAME = AppIcon;
				ASSETCATALOG_COMPILER_GLOBAL_ACCENT_COLOR_NAME = AccentColor;
				CODE_SIGN_STYLE = Automatic;
				CURRENT_PROJECT_VERSION = 1;
				DEVELOPMENT_TEAM = JKDM64S7KS;
				GENERATE_INFOPLIST_FILE = YES;
				INFOPLIST_FILE = "D&D handbook/Info.plist";
				INFOPLIST_KEY_UIApplicationSupportsIndirectInputEvents = YES;
				INFOPLIST_KEY_UILaunchStoryboardName = LaunchScreen;
				INFOPLIST_KEY_UIMainStoryboardFile = Main;
				INFOPLIST_KEY_UISupportedInterfaceOrientations = UIInterfaceOrientationPortrait;
				INFOPLIST_KEY_UISupportedInterfaceOrientations_iPad = "UIInterfaceOrientationLandscapeLeft UIInterfaceOrientationLandscapeRight UIInterfaceOrientationPortrait UIInterfaceOrientationPortraitUpsideDown";
				LD_RUNPATH_SEARCH_PATHS = (
					"$(inherited)",
					"@executable_path/Frameworks",
				);
				MARKETING_VERSION = 1.0;
				PRODUCT_BUNDLE_IDENTIFIER = "com.berdinak.D-D-handbook";
				PRODUCT_NAME = "$(TARGET_NAME)";
				SUPPORTED_PLATFORMS = "iphoneos iphonesimulator";
				SUPPORTS_MACCATALYST = NO;
				SUPPORTS_MAC_DESIGNED_FOR_IPHONE_IPAD = NO;
				SWIFT_EMIT_LOC_STRINGS = YES;
				SWIFT_VERSION = 5.0;
				TARGETED_DEVICE_FAMILY = 1;
			};
			name = Release;
		};
/* End XCBuildConfiguration section */

/* Begin XCConfigurationList section */
		64B9ECB42AAF2D0F00E9C8AE /* Build configuration list for PBXProject "D&D handbook" */ = {
			isa = XCConfigurationList;
			buildConfigurations = (
				64B9ECCB2AAF2D1100E9C8AE /* Debug */,
				64B9ECCC2AAF2D1100E9C8AE /* Release */,
			);
			defaultConfigurationIsVisible = 0;
			defaultConfigurationName = Release;
		};
		64B9ECCD2AAF2D1100E9C8AE /* Build configuration list for PBXNativeTarget "D&D handbook" */ = {
			isa = XCConfigurationList;
			buildConfigurations = (
				64B9ECCE2AAF2D1100E9C8AE /* Debug */,
				64B9ECCF2AAF2D1100E9C8AE /* Release */,
			);
			defaultConfigurationIsVisible = 0;
			defaultConfigurationName = Release;
		};
/* End XCConfigurationList section */
	};
	rootObject = 64B9ECB12AAF2D0F00E9C8AE /* Project object */;
}
